PODS:
  - BSForegroundNotification (0.3.1)
  - IQKeyboardManager (4.0.3)
  - MGSwipeTableCell (1.5.5)
  - Realm (1.0.1):
    - Realm/Headers (= 1.0.1)
  - Realm/Headers (1.0.1)
  - RealmSwift (1.0.1):
    - Realm (= 1.0.1)

DEPENDENCIES:
  - BSForegroundNotification
  - IQKeyboardManager
  - MGSwipeTableCell
  - RealmSwift

SPEC CHECKSUMS:
  BSForegroundNotification: 47c9042b34d62dae79cd6424c1c0480a94671c47
  IQKeyboardManager: be9695ffc5a52077deb4847608f338771022d6d1
  MGSwipeTableCell: bafeb5f351124544c9364ecbdf24c7b06a37d340
  Realm: 2e15e39d35b08abb529e212ed5d8af107b5236c8
  RealmSwift: d73ea2af08c3676dbdd5e4b669651a0f492162a4

PODFILE CHECKSUM: 83f088f50622dce9b30cdea81b1b84551da79ced

COCOAPODS: 1.0.1
